
Microsoft Visual Studio Solution File, Format Version 12.00
# Visual Studio 2013
VisualStudioVersion = 12.0.30110.0
MinimumVisualStudioVersion = 10.0.40219.1
Project("{FAE04EC0-301F-11D3-BF4B-00C04F79EFBC}") = "HtmlAgilityPack", "..\HtmlAgilityPack\HtmlAgilityPack\HtmlAgilityPack.csproj", "{193BB801-054F-4729-9D5D-FCE1E32594BF}"
EndProject
Project("{FAE04EC0-301F-11D3-BF4B-00C04F79EFBC}") = "DotNetApi", "..\DotNetApi\DotNetApi\DotNetApi.csproj", "{475F767E-2288-4E56-9B90-179A10DCAB49}"
EndProject
Project("{FAE04EC0-301F-11D3-BF4B-00C04F79EFBC}") = "PlanetLab", "..\PlanetLab\PlanetLab\PlanetLab.csproj", "{8D8A9A27-A8CA-4A27-95E5-C2246BDABC85}"
EndProject
Project("{FAE04EC0-301F-11D3-BF4B-00C04F79EFBC}") = "Renci.SshNet", "..\Renci.SshNet\Renci.SshNet.csproj", "{2F5F8C90-0BD1-424F-997C-7BC6280919D1}"
EndProject
Project("{FAE04EC0-301F-11D3-BF4B-00C04F79EFBC}") = "MapApi", "..\DotNetApi\MapApi\MapApi.csproj", "{C5C1839C-4971-4781-B8FA-FF743E257A7E}"
EndProject
Project("{FAE04EC0-301F-11D3-BF4B-00C04F79EFBC}") = "InetAnalytics", "InetAnalytics\InetAnalytics.csproj", "{6740E3FF-81AD-4CDF-8A61-F471D13EE38F}"
	ProjectSection(ProjectDependencies) = postProject
		{8ADA1B9F-2285-4B7E-AB30-828F58DEDE7E} = {8ADA1B9F-2285-4B7E-AB30-828F58DEDE7E}
	EndProjectSection
EndProject
Project("{FAE04EC0-301F-11D3-BF4B-00C04F79EFBC}") = "InetApi", "InetApi\InetApi.csproj", "{6E2D7303-FFAB-4732-86F5-8BB0F7CD8276}"
EndProject
Project("{FAE04EC0-301F-11D3-BF4B-00C04F79EFBC}") = "InetCrawler", "InetCrawler\InetCrawler.csproj", "{A9792D30-2043-4CF9-9578-991288B0FB9E}"
EndProject
Project("{FAE04EC0-301F-11D3-BF4B-00C04F79EFBC}") = "InetUpgrade", "InetUpgrade\InetUpgrade.csproj", "{375EE9F6-ECE2-4116-BC46-2D746A1C40D0}"
EndProject
Project("{6141683F-8A12-4E36-9623-2EB02B2C2303}") = "InetSetup", "InetSetup\InetSetup.isproj", "{2F7538F8-09A2-4219-BAAC-201CDCF9A741}"
	ProjectSection(ProjectDependencies) = postProject
		{193BB801-054F-4729-9D5D-FCE1E32594BF} = {193BB801-054F-4729-9D5D-FCE1E32594BF}
		{FE702303-5ACC-498F-BAB4-7479957193CD} = {FE702303-5ACC-498F-BAB4-7479957193CD}
		{6E2D7303-FFAB-4732-86F5-8BB0F7CD8276} = {6E2D7303-FFAB-4732-86F5-8BB0F7CD8276}
		{8D8A9A27-A8CA-4A27-95E5-C2246BDABC85} = {8D8A9A27-A8CA-4A27-95E5-C2246BDABC85}
		{A9792D30-2043-4CF9-9578-991288B0FB9E} = {A9792D30-2043-4CF9-9578-991288B0FB9E}
		{475F767E-2288-4E56-9B90-179A10DCAB49} = {475F767E-2288-4E56-9B90-179A10DCAB49}
		{2F5F8C90-0BD1-424F-997C-7BC6280919D1} = {2F5F8C90-0BD1-424F-997C-7BC6280919D1}
		{C5C1839C-4971-4781-B8FA-FF743E257A7E} = {C5C1839C-4971-4781-B8FA-FF743E257A7E}
		{8ADA1B9F-2285-4B7E-AB30-828F58DEDE7E} = {8ADA1B9F-2285-4B7E-AB30-828F58DEDE7E}
		{375EE9F6-ECE2-4116-BC46-2D746A1C40D0} = {375EE9F6-ECE2-4116-BC46-2D746A1C40D0}
		{6740E3FF-81AD-4CDF-8A61-F471D13EE38F} = {6740E3FF-81AD-4CDF-8A61-F471D13EE38F}
	EndProjectSection
EndProject
Project("{FAE04EC0-301F-11D3-BF4B-00C04F79EFBC}") = "InetTools", "InetTools\InetTools.csproj", "{8ADA1B9F-2285-4B7E-AB30-828F58DEDE7E}"
EndProject
Project("{FAE04EC0-301F-11D3-BF4B-00C04F79EFBC}") = "InetControls", "InetControls\InetControls.csproj", "{FE702303-5ACC-498F-BAB4-7479957193CD}"
EndProject
Project("{FAE04EC0-301F-11D3-BF4B-00C04F79EFBC}") = "Newtonsoft.Json.Net40", "..\Newtonsoft.JsonNet\Newtonsoft.Json\Newtonsoft.Json.Net40.csproj", "{A9AE40FF-1A21-414A-9FE7-3BE13644CC6D}"
EndProject
Project("{FAE04EC0-301F-11D3-BF4B-00C04F79EFBC}") = "InetCommon", "InetCommon\InetCommon.csproj", "{4E3C3A80-85D6-4932-B1D2-E0467B1ABF46}"
EndProject
Global
	GlobalSection(SolutionConfigurationPlatforms) = preSolution
		Debug|Any CPU = Debug|Any CPU
		Debug|Mixed Platforms = Debug|Mixed Platforms
		Debug|Win32 = Debug|Win32
		Debug|x86 = Debug|x86
		Release|Any CPU = Release|Any CPU
		Release|Mixed Platforms = Release|Mixed Platforms
		Release|Win32 = Release|Win32
		Release|x86 = Release|x86
	EndGlobalSection
	GlobalSection(ProjectConfigurationPlatforms) = postSolution
		{193BB801-054F-4729-9D5D-FCE1E32594BF}.Debug|Any CPU.ActiveCfg = Debug|Any CPU
		{193BB801-054F-4729-9D5D-FCE1E32594BF}.Debug|Any CPU.Build.0 = Debug|Any CPU
		{193BB801-054F-4729-9D5D-FCE1E32594BF}.Debug|Mixed Platforms.ActiveCfg = Debug|Any CPU
		{193BB801-054F-4729-9D5D-FCE1E32594BF}.Debug|Mixed Platforms.Build.0 = Debug|Any CPU
		{193BB801-054F-4729-9D5D-FCE1E32594BF}.Debug|Win32.ActiveCfg = Debug|Any CPU
		{193BB801-054F-4729-9D5D-FCE1E32594BF}.Debug|x86.ActiveCfg = Debug|Any CPU
		{193BB801-054F-4729-9D5D-FCE1E32594BF}.Release|Any CPU.ActiveCfg = Release|Any CPU
		{193BB801-054F-4729-9D5D-FCE1E32594BF}.Release|Any CPU.Build.0 = Release|Any CPU
		{193BB801-054F-4729-9D5D-FCE1E32594BF}.Release|Mixed Platforms.ActiveCfg = Release|Any CPU
		{193BB801-054F-4729-9D5D-FCE1E32594BF}.Release|Mixed Platforms.Build.0 = Release|Any CPU
		{193BB801-054F-4729-9D5D-FCE1E32594BF}.Release|Win32.ActiveCfg = Release|Any CPU
		{193BB801-054F-4729-9D5D-FCE1E32594BF}.Release|x86.ActiveCfg = Release|Any CPU
		{475F767E-2288-4E56-9B90-179A10DCAB49}.Debug|Any CPU.ActiveCfg = Debug|Any CPU
		{475F767E-2288-4E56-9B90-179A10DCAB49}.Debug|Any CPU.Build.0 = Debug|Any CPU
		{475F767E-2288-4E56-9B90-179A10DCAB49}.Debug|Mixed Platforms.ActiveCfg = Debug|Any CPU
		{475F767E-2288-4E56-9B90-179A10DCAB49}.Debug|Mixed Platforms.Build.0 = Debug|Any CPU
		{475F767E-2288-4E56-9B90-179A10DCAB49}.Debug|Win32.ActiveCfg = Debug|Any CPU
		{475F767E-2288-4E56-9B90-179A10DCAB49}.Debug|x86.ActiveCfg = Debug|Any CPU
		{475F767E-2288-4E56-9B90-179A10DCAB49}.Release|Any CPU.ActiveCfg = Release|Any CPU
		{475F767E-2288-4E56-9B90-179A10DCAB49}.Release|Any CPU.Build.0 = Release|Any CPU
		{475F767E-2288-4E56-9B90-179A10DCAB49}.Release|Mixed Platforms.ActiveCfg = Release|Any CPU
		{475F767E-2288-4E56-9B90-179A10DCAB49}.Release|Mixed Platforms.Build.0 = Release|Any CPU
		{475F767E-2288-4E56-9B90-179A10DCAB49}.Release|Win32.ActiveCfg = Release|Any CPU
		{475F767E-2288-4E56-9B90-179A10DCAB49}.Release|x86.ActiveCfg = Release|Any CPU
		{8D8A9A27-A8CA-4A27-95E5-C2246BDABC85}.Debug|Any CPU.ActiveCfg = Debug|Any CPU
		{8D8A9A27-A8CA-4A27-95E5-C2246BDABC85}.Debug|Any CPU.Build.0 = Debug|Any CPU
		{8D8A9A27-A8CA-4A27-95E5-C2246BDABC85}.Debug|Mixed Platforms.ActiveCfg = Debug|Any CPU
		{8D8A9A27-A8CA-4A27-95E5-C2246BDABC85}.Debug|Mixed Platforms.Build.0 = Debug|Any CPU
		{8D8A9A27-A8CA-4A27-95E5-C2246BDABC85}.Debug|Win32.ActiveCfg = Debug|Any CPU
		{8D8A9A27-A8CA-4A27-95E5-C2246BDABC85}.Debug|x86.ActiveCfg = Debug|Any CPU
		{8D8A9A27-A8CA-4A27-95E5-C2246BDABC85}.Release|Any CPU.ActiveCfg = Release|Any CPU
		{8D8A9A27-A8CA-4A27-95E5-C2246BDABC85}.Release|Any CPU.Build.0 = Release|Any CPU
		{8D8A9A27-A8CA-4A27-95E5-C2246BDABC85}.Release|Mixed Platforms.ActiveCfg = Release|Any CPU
		{8D8A9A27-A8CA-4A27-95E5-C2246BDABC85}.Release|Mixed Platforms.Build.0 = Release|Any CPU
		{8D8A9A27-A8CA-4A27-95E5-C2246BDABC85}.Release|Win32.ActiveCfg = Release|Any CPU
		{8D8A9A27-A8CA-4A27-95E5-C2246BDABC85}.Release|x86.ActiveCfg = Release|Any CPU
		{2F5F8C90-0BD1-424F-997C-7BC6280919D1}.Debug|Any CPU.ActiveCfg = Debug|Any CPU
		{2F5F8C90-0BD1-424F-997C-7BC6280919D1}.Debug|Any CPU.Build.0 = Debug|Any CPU
		{2F5F8C90-0BD1-424F-997C-7BC6280919D1}.Debug|Mixed Platforms.ActiveCfg = Debug|Any CPU
		{2F5F8C90-0BD1-424F-997C-7BC6280919D1}.Debug|Mixed Platforms.Build.0 = Debug|Any CPU
		{2F5F8C90-0BD1-424F-997C-7BC6280919D1}.Debug|Win32.ActiveCfg = Debug|Any CPU
		{2F5F8C90-0BD1-424F-997C-7BC6280919D1}.Debug|x86.ActiveCfg = Debug|Any CPU
		{2F5F8C90-0BD1-424F-997C-7BC6280919D1}.Release|Any CPU.ActiveCfg = Release|Any CPU
		{2F5F8C90-0BD1-424F-997C-7BC6280919D1}.Release|Any CPU.Build.0 = Release|Any CPU
		{2F5F8C90-0BD1-424F-997C-7BC6280919D1}.Release|Mixed Platforms.ActiveCfg = Release|Any CPU
		{2F5F8C90-0BD1-424F-997C-7BC6280919D1}.Release|Mixed Platforms.Build.0 = Release|Any CPU
		{2F5F8C90-0BD1-424F-997C-7BC6280919D1}.Release|Win32.ActiveCfg = Release|Any CPU
		{2F5F8C90-0BD1-424F-997C-7BC6280919D1}.Release|x86.ActiveCfg = Release|Any CPU
		{C5C1839C-4971-4781-B8FA-FF743E257A7E}.Debug|Any CPU.ActiveCfg = Debug|Any CPU
		{C5C1839C-4971-4781-B8FA-FF743E257A7E}.Debug|Any CPU.Build.0 = Debug|Any CPU
		{C5C1839C-4971-4781-B8FA-FF743E257A7E}.Debug|Mixed Platforms.ActiveCfg = Debug|Any CPU
		{C5C1839C-4971-4781-B8FA-FF743E257A7E}.Debug|Mixed Platforms.Build.0 = Debug|Any CPU
		{C5C1839C-4971-4781-B8FA-FF743E257A7E}.Debug|Win32.ActiveCfg = Debug|Any CPU
		{C5C1839C-4971-4781-B8FA-FF743E257A7E}.Debug|x86.ActiveCfg = Debug|Any CPU
		{C5C1839C-4971-4781-B8FA-FF743E257A7E}.Release|Any CPU.ActiveCfg = Release|Any CPU
		{C5C1839C-4971-4781-B8FA-FF743E257A7E}.Release|Any CPU.Build.0 = Release|Any CPU
		{C5C1839C-4971-4781-B8FA-FF743E257A7E}.Release|Mixed Platforms.ActiveCfg = Release|Any CPU
		{C5C1839C-4971-4781-B8FA-FF743E257A7E}.Release|Mixed Platforms.Build.0 = Release|Any CPU
		{C5C1839C-4971-4781-B8FA-FF743E257A7E}.Release|Win32.ActiveCfg = Release|Any CPU
		{C5C1839C-4971-4781-B8FA-FF743E257A7E}.Release|x86.ActiveCfg = Release|Any CPU
		{6740E3FF-81AD-4CDF-8A61-F471D13EE38F}.Debug|Any CPU.ActiveCfg = Debug|Any CPU
		{6740E3FF-81AD-4CDF-8A61-F471D13EE38F}.Debug|Any CPU.Build.0 = Debug|Any CPU
		{6740E3FF-81AD-4CDF-8A61-F471D13EE38F}.Debug|Mixed Platforms.ActiveCfg = Debug|Any CPU
		{6740E3FF-81AD-4CDF-8A61-F471D13EE38F}.Debug|Mixed Platforms.Build.0 = Debug|Any CPU
		{6740E3FF-81AD-4CDF-8A61-F471D13EE38F}.Debug|Win32.ActiveCfg = Debug|Any CPU
		{6740E3FF-81AD-4CDF-8A61-F471D13EE38F}.Debug|x86.ActiveCfg = Debug|Any CPU
		{6740E3FF-81AD-4CDF-8A61-F471D13EE38F}.Release|Any CPU.ActiveCfg = Release|Any CPU
		{6740E3FF-81AD-4CDF-8A61-F471D13EE38F}.Release|Any CPU.Build.0 = Release|Any CPU
		{6740E3FF-81AD-4CDF-8A61-F471D13EE38F}.Release|Mixed Platforms.ActiveCfg = Release|Any CPU
		{6740E3FF-81AD-4CDF-8A61-F471D13EE38F}.Release|Mixed Platforms.Build.0 = Release|Any CPU
		{6740E3FF-81AD-4CDF-8A61-F471D13EE38F}.Release|Win32.ActiveCfg = Release|Any CPU
		{6740E3FF-81AD-4CDF-8A61-F471D13EE38F}.Release|x86.ActiveCfg = Release|Any CPU
		{6E2D7303-FFAB-4732-86F5-8BB0F7CD8276}.Debug|Any CPU.ActiveCfg = Debug|Any CPU
		{6E2D7303-FFAB-4732-86F5-8BB0F7CD8276}.Debug|Any CPU.Build.0 = Debug|Any CPU
		{6E2D7303-FFAB-4732-86F5-8BB0F7CD8276}.Debug|Mixed Platforms.ActiveCfg = Debug|Any CPU
		{6E2D7303-FFAB-4732-86F5-8BB0F7CD8276}.Debug|Mixed Platforms.Build.0 = Debug|Any CPU
		{6E2D7303-FFAB-4732-86F5-8BB0F7CD8276}.Debug|Win32.ActiveCfg = Debug|Any CPU
		{6E2D7303-FFAB-4732-86F5-8BB0F7CD8276}.Debug|x86.ActiveCfg = Debug|Any CPU
		{6E2D7303-FFAB-4732-86F5-8BB0F7CD8276}.Release|Any CPU.ActiveCfg = Release|Any CPU
		{6E2D7303-FFAB-4732-86F5-8BB0F7CD8276}.Release|Any CPU.Build.0 = Release|Any CPU
		{6E2D7303-FFAB-4732-86F5-8BB0F7CD8276}.Release|Mixed Platforms.ActiveCfg = Release|Any CPU
		{6E2D7303-FFAB-4732-86F5-8BB0F7CD8276}.Release|Mixed Platforms.Build.0 = Release|Any CPU
		{6E2D7303-FFAB-4732-86F5-8BB0F7CD8276}.Release|Win32.ActiveCfg = Release|Any CPU
		{6E2D7303-FFAB-4732-86F5-8BB0F7CD8276}.Release|x86.ActiveCfg = Release|Any CPU
		{A9792D30-2043-4CF9-9578-991288B0FB9E}.Debug|Any CPU.ActiveCfg = Debug|Any CPU
		{A9792D30-2043-4CF9-9578-991288B0FB9E}.Debug|Any CPU.Build.0 = Debug|Any CPU
		{A9792D30-2043-4CF9-9578-991288B0FB9E}.Debug|Mixed Platforms.ActiveCfg = Debug|Any CPU
		{A9792D30-2043-4CF9-9578-991288B0FB9E}.Debug|Mixed Platforms.Build.0 = Debug|Any CPU
		{A9792D30-2043-4CF9-9578-991288B0FB9E}.Debug|Win32.ActiveCfg = Debug|Any CPU
		{A9792D30-2043-4CF9-9578-991288B0FB9E}.Debug|x86.ActiveCfg = Debug|Any CPU
		{A9792D30-2043-4CF9-9578-991288B0FB9E}.Release|Any CPU.ActiveCfg = Release|Any CPU
		{A9792D30-2043-4CF9-9578-991288B0FB9E}.Release|Any CPU.Build.0 = Release|Any CPU
		{A9792D30-2043-4CF9-9578-991288B0FB9E}.Release|Mixed Platforms.ActiveCfg = Release|Any CPU
		{A9792D30-2043-4CF9-9578-991288B0FB9E}.Release|Mixed Platforms.Build.0 = Release|Any CPU
		{A9792D30-2043-4CF9-9578-991288B0FB9E}.Release|Win32.ActiveCfg = Release|Any CPU
		{A9792D30-2043-4CF9-9578-991288B0FB9E}.Release|x86.ActiveCfg = Release|Any CPU
		{375EE9F6-ECE2-4116-BC46-2D746A1C40D0}.Debug|Any CPU.ActiveCfg = Debug|Any CPU
		{375EE9F6-ECE2-4116-BC46-2D746A1C40D0}.Debug|Any CPU.Build.0 = Debug|Any CPU
		{375EE9F6-ECE2-4116-BC46-2D746A1C40D0}.Debug|Mixed Platforms.ActiveCfg = Debug|Any CPU
		{375EE9F6-ECE2-4116-BC46-2D746A1C40D0}.Debug|Mixed Platforms.Build.0 = Debug|Any CPU
		{375EE9F6-ECE2-4116-BC46-2D746A1C40D0}.Debug|Win32.ActiveCfg = Debug|Any CPU
		{375EE9F6-ECE2-4116-BC46-2D746A1C40D0}.Debug|x86.ActiveCfg = Debug|Any CPU
		{375EE9F6-ECE2-4116-BC46-2D746A1C40D0}.Release|Any CPU.ActiveCfg = Release|Any CPU
		{375EE9F6-ECE2-4116-BC46-2D746A1C40D0}.Release|Any CPU.Build.0 = Release|Any CPU
		{375EE9F6-ECE2-4116-BC46-2D746A1C40D0}.Release|Mixed Platforms.ActiveCfg = Release|Any CPU
		{375EE9F6-ECE2-4116-BC46-2D746A1C40D0}.Release|Mixed Platforms.Build.0 = Release|Any CPU
		{375EE9F6-ECE2-4116-BC46-2D746A1C40D0}.Release|Win32.ActiveCfg = Release|Any CPU
		{375EE9F6-ECE2-4116-BC46-2D746A1C40D0}.Release|x86.ActiveCfg = Release|Any CPU
		{2F7538F8-09A2-4219-BAAC-201CDCF9A741}.Debug|Any CPU.ActiveCfg = SingleImage
		{2F7538F8-09A2-4219-BAAC-201CDCF9A741}.Debug|Mixed Platforms.ActiveCfg = SingleImage
		{2F7538F8-09A2-4219-BAAC-201CDCF9A741}.Debug|Win32.ActiveCfg = DVD-5
		{2F7538F8-09A2-4219-BAAC-201CDCF9A741}.Debug|Win32.Build.0 = DVD-5
		{2F7538F8-09A2-4219-BAAC-201CDCF9A741}.Debug|x86.ActiveCfg = DVD-5
		{2F7538F8-09A2-4219-BAAC-201CDCF9A741}.Debug|x86.Build.0 = DVD-5
		{2F7538F8-09A2-4219-BAAC-201CDCF9A741}.Release|Any CPU.ActiveCfg = SingleImage
		{2F7538F8-09A2-4219-BAAC-201CDCF9A741}.Release|Any CPU.Build.0 = SingleImage
		{2F7538F8-09A2-4219-BAAC-201CDCF9A741}.Release|Mixed Platforms.ActiveCfg = SingleImage
		{2F7538F8-09A2-4219-BAAC-201CDCF9A741}.Release|Mixed Platforms.Build.0 = SingleImage
		{2F7538F8-09A2-4219-BAAC-201CDCF9A741}.Release|Win32.ActiveCfg = CD_ROM
		{2F7538F8-09A2-4219-BAAC-201CDCF9A741}.Release|Win32.Build.0 = CD_ROM
		{2F7538F8-09A2-4219-BAAC-201CDCF9A741}.Release|x86.ActiveCfg = SingleImage
		{2F7538F8-09A2-4219-BAAC-201CDCF9A741}.Release|x86.Build.0 = SingleImage
		{8ADA1B9F-2285-4B7E-AB30-828F58DEDE7E}.Debug|Any CPU.ActiveCfg = Debug|Any CPU
		{8ADA1B9F-2285-4B7E-AB30-828F58DEDE7E}.Debug|Any CPU.Build.0 = Debug|Any CPU
		{8ADA1B9F-2285-4B7E-AB30-828F58DEDE7E}.Debug|Mixed Platforms.ActiveCfg = Debug|Any CPU
		{8ADA1B9F-2285-4B7E-AB30-828F58DEDE7E}.Debug|Mixed Platforms.Build.0 = Debug|Any CPU
		{8ADA1B9F-2285-4B7E-AB30-828F58DEDE7E}.Debug|Win32.ActiveCfg = Debug|Any CPU
		{8ADA1B9F-2285-4B7E-AB30-828F58DEDE7E}.Debug|x86.ActiveCfg = Debug|Any CPU
		{8ADA1B9F-2285-4B7E-AB30-828F58DEDE7E}.Release|Any CPU.ActiveCfg = Release|Any CPU
		{8ADA1B9F-2285-4B7E-AB30-828F58DEDE7E}.Release|Any CPU.Build.0 = Release|Any CPU
		{8ADA1B9F-2285-4B7E-AB30-828F58DEDE7E}.Release|Mixed Platforms.ActiveCfg = Release|Any CPU
		{8ADA1B9F-2285-4B7E-AB30-828F58DEDE7E}.Release|Mixed Platforms.Build.0 = Release|Any CPU
		{8ADA1B9F-2285-4B7E-AB30-828F58DEDE7E}.Release|Win32.ActiveCfg = Release|Any CPU
		{8ADA1B9F-2285-4B7E-AB30-828F58DEDE7E}.Release|x86.ActiveCfg = Release|Any CPU
		{FE702303-5ACC-498F-BAB4-7479957193CD}.Debug|Any CPU.ActiveCfg = Debug|Any CPU
		{FE702303-5ACC-498F-BAB4-7479957193CD}.Debug|Any CPU.Build.0 = Debug|Any CPU
		{FE702303-5ACC-498F-BAB4-7479957193CD}.Debug|Mixed Platforms.ActiveCfg = Debug|Any CPU
		{FE702303-5ACC-498F-BAB4-7479957193CD}.Debug|Mixed Platforms.Build.0 = Debug|Any CPU
		{FE702303-5ACC-498F-BAB4-7479957193CD}.Debug|Win32.ActiveCfg = Debug|Any CPU
		{FE702303-5ACC-498F-BAB4-7479957193CD}.Debug|x86.ActiveCfg = Debug|Any CPU
		{FE702303-5ACC-498F-BAB4-7479957193CD}.Release|Any CPU.ActiveCfg = Release|Any CPU
		{FE702303-5ACC-498F-BAB4-7479957193CD}.Release|Any CPU.Build.0 = Release|Any CPU
		{FE702303-5ACC-498F-BAB4-7479957193CD}.Release|Mixed Platforms.ActiveCfg = Release|Any CPU
		{FE702303-5ACC-498F-BAB4-7479957193CD}.Release|Mixed Platforms.Build.0 = Release|Any CPU
		{FE702303-5ACC-498F-BAB4-7479957193CD}.Release|Win32.ActiveCfg = Release|Any CPU
		{FE702303-5ACC-498F-BAB4-7479957193CD}.Release|x86.ActiveCfg = Release|Any CPU
		{A9AE40FF-1A21-414A-9FE7-3BE13644CC6D}.Debug|Any CPU.ActiveCfg = Debug|Any CPU
		{A9AE40FF-1A21-414A-9FE7-3BE13644CC6D}.Debug|Any CPU.Build.0 = Debug|Any CPU
		{A9AE40FF-1A21-414A-9FE7-3BE13644CC6D}.Debug|Mixed Platforms.ActiveCfg = Debug|Any CPU
		{A9AE40FF-1A21-414A-9FE7-3BE13644CC6D}.Debug|Mixed Platforms.Build.0 = Debug|Any CPU
		{A9AE40FF-1A21-414A-9FE7-3BE13644CC6D}.Debug|Win32.ActiveCfg = Debug|Any CPU
		{A9AE40FF-1A21-414A-9FE7-3BE13644CC6D}.Debug|x86.ActiveCfg = Debug|Any CPU
		{A9AE40FF-1A21-414A-9FE7-3BE13644CC6D}.Release|Any CPU.ActiveCfg = Release|Any CPU
		{A9AE40FF-1A21-414A-9FE7-3BE13644CC6D}.Release|Any CPU.Build.0 = Release|Any CPU
		{A9AE40FF-1A21-414A-9FE7-3BE13644CC6D}.Release|Mixed Platforms.ActiveCfg = Release|Any CPU
		{A9AE40FF-1A21-414A-9FE7-3BE13644CC6D}.Release|Mixed Platforms.Build.0 = Release|Any CPU
		{A9AE40FF-1A21-414A-9FE7-3BE13644CC6D}.Release|Win32.ActiveCfg = Release|Any CPU
		{A9AE40FF-1A21-414A-9FE7-3BE13644CC6D}.Release|x86.ActiveCfg = Release|Any CPU
		{4E3C3A80-85D6-4932-B1D2-E0467B1ABF46}.Debug|Any CPU.ActiveCfg = Debug|Any CPU
		{4E3C3A80-85D6-4932-B1D2-E0467B1ABF46}.Debug|Any CPU.Build.0 = Debug|Any CPU
		{4E3C3A80-85D6-4932-B1D2-E0467B1ABF46}.Debug|Mixed Platforms.ActiveCfg = Debug|Any CPU
		{4E3C3A80-85D6-4932-B1D2-E0467B1ABF46}.Debug|Mixed Platforms.Build.0 = Debug|Any CPU
		{4E3C3A80-85D6-4932-B1D2-E0467B1ABF46}.Debug|Win32.ActiveCfg = Debug|Any CPU
		{4E3C3A80-85D6-4932-B1D2-E0467B1ABF46}.Debug|x86.ActiveCfg = Debug|Any CPU
		{4E3C3A80-85D6-4932-B1D2-E0467B1ABF46}.Release|Any CPU.ActiveCfg = Release|Any CPU
		{4E3C3A80-85D6-4932-B1D2-E0467B1ABF46}.Release|Any CPU.Build.0 = Release|Any CPU
		{4E3C3A80-85D6-4932-B1D2-E0467B1ABF46}.Release|Mixed Platforms.ActiveCfg = Release|Any CPU
		{4E3C3A80-85D6-4932-B1D2-E0467B1ABF46}.Release|Mixed Platforms.Build.0 = Release|Any CPU
		{4E3C3A80-85D6-4932-B1D2-E0467B1ABF46}.Release|Win32.ActiveCfg = Release|Any CPU
		{4E3C3A80-85D6-4932-B1D2-E0467B1ABF46}.Release|x86.ActiveCfg = Release|Any CPU
	EndGlobalSection
	GlobalSection(SolutionProperties) = preSolution
		HideSolutionNode = FALSE
	EndGlobalSection
EndGlobal
