
Microsoft Visual Studio Solution File, Format Version 12.00
# Visual Studio 2012
Project("{FAE04EC0-301F-11D3-BF4B-00C04F79EFBC}") = "YtAnalytics", "YtAnalytics\YtAnalytics.csproj", "{6740E3FF-81AD-4CDF-8A61-F471D13EE38F}"
EndProject
Project("{FAE04EC0-301F-11D3-BF4B-00C04F79EFBC}") = "YtApi", "YtApi\YtApi.csproj", "{6E2D7303-FFAB-4732-86F5-8BB0F7CD8276}"
	ProjectSection(ProjectDependencies) = postProject
		{475F767E-2288-4E56-9B90-179A10DCAB49} = {475F767E-2288-4E56-9B90-179A10DCAB49}
	EndProjectSection
EndProject
Project("{FAE04EC0-301F-11D3-BF4B-00C04F79EFBC}") = "GoogleApis", "..\GoogleApi\Src\GoogleApis\GoogleApis.csproj", "{CBB5E638-F8D5-48DB-93BE-5A7CDD7ED107}"
EndProject
Project("{FAE04EC0-301F-11D3-BF4B-00C04F79EFBC}") = "GoogleApis.Authentication.OAuth2", "..\GoogleApi\Src\GoogleApis.Authentication.OAuth2\GoogleApis.Authentication.OAuth2.csproj", "{76106493-68EF-4E44-AF2E-971ABF29B300}"
EndProject
Project("{FAE04EC0-301F-11D3-BF4B-00C04F79EFBC}") = "GoogleApis.Services", "..\GoogleApi\Src\GoogleApis.Services\GoogleApis.Services.csproj", "{4B26710F-41F0-460F-B3B6-C998B20C7E6E}"
EndProject
Project("{FAE04EC0-301F-11D3-BF4B-00C04F79EFBC}") = "GoogleApis.Tools.CodeGen", "..\GoogleApi\Src\GoogleApis.Tools.CodeGen\GoogleApis.Tools.CodeGen.csproj", "{22F162B0-DC09-4F3B-935C-D1FAF2367032}"
EndProject
Project("{FAE04EC0-301F-11D3-BF4B-00C04F79EFBC}") = "GoogleApis.Tools.ServiceGenerator", "..\GoogleApi\Src\GoogleApis.Tools.ServiceGenerator\GoogleApis.Tools.ServiceGenerator.csproj", "{FAD28B73-7185-4D31-8939-8AD91C3A8384}"
EndProject
Project("{FAE04EC0-301F-11D3-BF4B-00C04F79EFBC}") = "HtmlAgilityPack", "..\HtmlAgilityPack\HtmlAgilityPack\HtmlAgilityPack.csproj", "{193BB801-054F-4729-9D5D-FCE1E32594BF}"
EndProject
Project("{FAE04EC0-301F-11D3-BF4B-00C04F79EFBC}") = "YtCrawler", "YtCrawler\YtCrawler.csproj", "{A9792D30-2043-4CF9-9578-991288B0FB9E}"
EndProject
Project("{6141683F-8A12-4E36-9623-2EB02B2C2303}") = "YtSetup", "YtSetup\YtSetup.isproj", "{8BC3ACFB-0977-4971-A056-4FD2D368EEFD}"
	ProjectSection(ProjectDependencies) = postProject
		{6E2D7303-FFAB-4732-86F5-8BB0F7CD8276} = {6E2D7303-FFAB-4732-86F5-8BB0F7CD8276}
		{6740E3FF-81AD-4CDF-8A61-F471D13EE38F} = {6740E3FF-81AD-4CDF-8A61-F471D13EE38F}
	EndProjectSection
EndProject
Project("{FAE04EC0-301F-11D3-BF4B-00C04F79EFBC}") = "DotNetApi", "..\DotNetApi\DotNetApi\DotNetApi.csproj", "{475F767E-2288-4E56-9B90-179A10DCAB49}"
EndProject
Project("{FAE04EC0-301F-11D3-BF4B-00C04F79EFBC}") = "PlanetLab", "..\PlanetLab\PlanetLab\PlanetLab.csproj", "{8D8A9A27-A8CA-4A27-95E5-C2246BDABC85}"
EndProject
Project("{FAE04EC0-301F-11D3-BF4B-00C04F79EFBC}") = "Renci.SshNet", "..\Renci.SshNet\Renci.SshNet.csproj", "{2F5F8C90-0BD1-424F-997C-7BC6280919D1}"
EndProject
Global
	GlobalSection(SolutionConfigurationPlatforms) = preSolution
		ASP|Any CPU = ASP|Any CPU
		CD_ROM|Any CPU = CD_ROM|Any CPU
		Debug|Any CPU = Debug|Any CPU
		DVD-5|Any CPU = DVD-5|Any CPU
		Release|Any CPU = Release|Any CPU
		SingleImage|Any CPU = SingleImage|Any CPU
	EndGlobalSection
	GlobalSection(ProjectConfigurationPlatforms) = postSolution
		{6740E3FF-81AD-4CDF-8A61-F471D13EE38F}.ASP|Any CPU.ActiveCfg = Release|Any CPU
		{6740E3FF-81AD-4CDF-8A61-F471D13EE38F}.ASP|Any CPU.Build.0 = Release|Any CPU
		{6740E3FF-81AD-4CDF-8A61-F471D13EE38F}.CD_ROM|Any CPU.ActiveCfg = Debug|Any CPU
		{6740E3FF-81AD-4CDF-8A61-F471D13EE38F}.CD_ROM|Any CPU.Build.0 = Debug|Any CPU
		{6740E3FF-81AD-4CDF-8A61-F471D13EE38F}.Debug|Any CPU.ActiveCfg = Debug|Any CPU
		{6740E3FF-81AD-4CDF-8A61-F471D13EE38F}.Debug|Any CPU.Build.0 = Debug|Any CPU
		{6740E3FF-81AD-4CDF-8A61-F471D13EE38F}.DVD-5|Any CPU.ActiveCfg = Debug|Any CPU
		{6740E3FF-81AD-4CDF-8A61-F471D13EE38F}.DVD-5|Any CPU.Build.0 = Debug|Any CPU
		{6740E3FF-81AD-4CDF-8A61-F471D13EE38F}.Release|Any CPU.ActiveCfg = Release|Any CPU
		{6740E3FF-81AD-4CDF-8A61-F471D13EE38F}.Release|Any CPU.Build.0 = Release|Any CPU
		{6740E3FF-81AD-4CDF-8A61-F471D13EE38F}.SingleImage|Any CPU.ActiveCfg = Debug|Any CPU
		{6740E3FF-81AD-4CDF-8A61-F471D13EE38F}.SingleImage|Any CPU.Build.0 = Debug|Any CPU
		{6E2D7303-FFAB-4732-86F5-8BB0F7CD8276}.ASP|Any CPU.ActiveCfg = Release|Any CPU
		{6E2D7303-FFAB-4732-86F5-8BB0F7CD8276}.ASP|Any CPU.Build.0 = Release|Any CPU
		{6E2D7303-FFAB-4732-86F5-8BB0F7CD8276}.CD_ROM|Any CPU.ActiveCfg = Debug|Any CPU
		{6E2D7303-FFAB-4732-86F5-8BB0F7CD8276}.CD_ROM|Any CPU.Build.0 = Debug|Any CPU
		{6E2D7303-FFAB-4732-86F5-8BB0F7CD8276}.Debug|Any CPU.ActiveCfg = Debug|Any CPU
		{6E2D7303-FFAB-4732-86F5-8BB0F7CD8276}.Debug|Any CPU.Build.0 = Debug|Any CPU
		{6E2D7303-FFAB-4732-86F5-8BB0F7CD8276}.DVD-5|Any CPU.ActiveCfg = Debug|Any CPU
		{6E2D7303-FFAB-4732-86F5-8BB0F7CD8276}.DVD-5|Any CPU.Build.0 = Debug|Any CPU
		{6E2D7303-FFAB-4732-86F5-8BB0F7CD8276}.Release|Any CPU.ActiveCfg = Release|Any CPU
		{6E2D7303-FFAB-4732-86F5-8BB0F7CD8276}.Release|Any CPU.Build.0 = Release|Any CPU
		{6E2D7303-FFAB-4732-86F5-8BB0F7CD8276}.SingleImage|Any CPU.ActiveCfg = Debug|Any CPU
		{6E2D7303-FFAB-4732-86F5-8BB0F7CD8276}.SingleImage|Any CPU.Build.0 = Debug|Any CPU
		{CBB5E638-F8D5-48DB-93BE-5A7CDD7ED107}.ASP|Any CPU.ActiveCfg = Release|Any CPU
		{CBB5E638-F8D5-48DB-93BE-5A7CDD7ED107}.ASP|Any CPU.Build.0 = Release|Any CPU
		{CBB5E638-F8D5-48DB-93BE-5A7CDD7ED107}.CD_ROM|Any CPU.ActiveCfg = Debug|Any CPU
		{CBB5E638-F8D5-48DB-93BE-5A7CDD7ED107}.CD_ROM|Any CPU.Build.0 = Debug|Any CPU
		{CBB5E638-F8D5-48DB-93BE-5A7CDD7ED107}.Debug|Any CPU.ActiveCfg = Debug|Any CPU
		{CBB5E638-F8D5-48DB-93BE-5A7CDD7ED107}.Debug|Any CPU.Build.0 = Debug|Any CPU
		{CBB5E638-F8D5-48DB-93BE-5A7CDD7ED107}.DVD-5|Any CPU.ActiveCfg = Debug|Any CPU
		{CBB5E638-F8D5-48DB-93BE-5A7CDD7ED107}.DVD-5|Any CPU.Build.0 = Debug|Any CPU
		{CBB5E638-F8D5-48DB-93BE-5A7CDD7ED107}.Release|Any CPU.ActiveCfg = Release|Any CPU
		{CBB5E638-F8D5-48DB-93BE-5A7CDD7ED107}.Release|Any CPU.Build.0 = Release|Any CPU
		{CBB5E638-F8D5-48DB-93BE-5A7CDD7ED107}.SingleImage|Any CPU.ActiveCfg = Debug|Any CPU
		{CBB5E638-F8D5-48DB-93BE-5A7CDD7ED107}.SingleImage|Any CPU.Build.0 = Debug|Any CPU
		{76106493-68EF-4E44-AF2E-971ABF29B300}.ASP|Any CPU.ActiveCfg = Release|Any CPU
		{76106493-68EF-4E44-AF2E-971ABF29B300}.ASP|Any CPU.Build.0 = Release|Any CPU
		{76106493-68EF-4E44-AF2E-971ABF29B300}.CD_ROM|Any CPU.ActiveCfg = Debug|Any CPU
		{76106493-68EF-4E44-AF2E-971ABF29B300}.CD_ROM|Any CPU.Build.0 = Debug|Any CPU
		{76106493-68EF-4E44-AF2E-971ABF29B300}.Debug|Any CPU.ActiveCfg = Debug|Any CPU
		{76106493-68EF-4E44-AF2E-971ABF29B300}.Debug|Any CPU.Build.0 = Debug|Any CPU
		{76106493-68EF-4E44-AF2E-971ABF29B300}.DVD-5|Any CPU.ActiveCfg = Debug|Any CPU
		{76106493-68EF-4E44-AF2E-971ABF29B300}.DVD-5|Any CPU.Build.0 = Debug|Any CPU
		{76106493-68EF-4E44-AF2E-971ABF29B300}.Release|Any CPU.ActiveCfg = Release|Any CPU
		{76106493-68EF-4E44-AF2E-971ABF29B300}.Release|Any CPU.Build.0 = Release|Any CPU
		{76106493-68EF-4E44-AF2E-971ABF29B300}.SingleImage|Any CPU.ActiveCfg = Debug|Any CPU
		{76106493-68EF-4E44-AF2E-971ABF29B300}.SingleImage|Any CPU.Build.0 = Debug|Any CPU
		{4B26710F-41F0-460F-B3B6-C998B20C7E6E}.ASP|Any CPU.ActiveCfg = Release|Any CPU
		{4B26710F-41F0-460F-B3B6-C998B20C7E6E}.ASP|Any CPU.Build.0 = Release|Any CPU
		{4B26710F-41F0-460F-B3B6-C998B20C7E6E}.CD_ROM|Any CPU.ActiveCfg = Debug|Any CPU
		{4B26710F-41F0-460F-B3B6-C998B20C7E6E}.CD_ROM|Any CPU.Build.0 = Debug|Any CPU
		{4B26710F-41F0-460F-B3B6-C998B20C7E6E}.Debug|Any CPU.ActiveCfg = Debug|Any CPU
		{4B26710F-41F0-460F-B3B6-C998B20C7E6E}.Debug|Any CPU.Build.0 = Debug|Any CPU
		{4B26710F-41F0-460F-B3B6-C998B20C7E6E}.DVD-5|Any CPU.ActiveCfg = Debug|Any CPU
		{4B26710F-41F0-460F-B3B6-C998B20C7E6E}.DVD-5|Any CPU.Build.0 = Debug|Any CPU
		{4B26710F-41F0-460F-B3B6-C998B20C7E6E}.Release|Any CPU.ActiveCfg = Release|Any CPU
		{4B26710F-41F0-460F-B3B6-C998B20C7E6E}.Release|Any CPU.Build.0 = Release|Any CPU
		{4B26710F-41F0-460F-B3B6-C998B20C7E6E}.SingleImage|Any CPU.ActiveCfg = Debug|Any CPU
		{4B26710F-41F0-460F-B3B6-C998B20C7E6E}.SingleImage|Any CPU.Build.0 = Debug|Any CPU
		{22F162B0-DC09-4F3B-935C-D1FAF2367032}.ASP|Any CPU.ActiveCfg = Release|Any CPU
		{22F162B0-DC09-4F3B-935C-D1FAF2367032}.ASP|Any CPU.Build.0 = Release|Any CPU
		{22F162B0-DC09-4F3B-935C-D1FAF2367032}.CD_ROM|Any CPU.ActiveCfg = Debug|Any CPU
		{22F162B0-DC09-4F3B-935C-D1FAF2367032}.CD_ROM|Any CPU.Build.0 = Debug|Any CPU
		{22F162B0-DC09-4F3B-935C-D1FAF2367032}.Debug|Any CPU.ActiveCfg = Debug|Any CPU
		{22F162B0-DC09-4F3B-935C-D1FAF2367032}.Debug|Any CPU.Build.0 = Debug|Any CPU
		{22F162B0-DC09-4F3B-935C-D1FAF2367032}.DVD-5|Any CPU.ActiveCfg = Debug|Any CPU
		{22F162B0-DC09-4F3B-935C-D1FAF2367032}.DVD-5|Any CPU.Build.0 = Debug|Any CPU
		{22F162B0-DC09-4F3B-935C-D1FAF2367032}.Release|Any CPU.ActiveCfg = Release|Any CPU
		{22F162B0-DC09-4F3B-935C-D1FAF2367032}.Release|Any CPU.Build.0 = Release|Any CPU
		{22F162B0-DC09-4F3B-935C-D1FAF2367032}.SingleImage|Any CPU.ActiveCfg = Debug|Any CPU
		{22F162B0-DC09-4F3B-935C-D1FAF2367032}.SingleImage|Any CPU.Build.0 = Debug|Any CPU
		{FAD28B73-7185-4D31-8939-8AD91C3A8384}.ASP|Any CPU.ActiveCfg = Release|Any CPU
		{FAD28B73-7185-4D31-8939-8AD91C3A8384}.ASP|Any CPU.Build.0 = Release|Any CPU
		{FAD28B73-7185-4D31-8939-8AD91C3A8384}.CD_ROM|Any CPU.ActiveCfg = Debug|Any CPU
		{FAD28B73-7185-4D31-8939-8AD91C3A8384}.CD_ROM|Any CPU.Build.0 = Debug|Any CPU
		{FAD28B73-7185-4D31-8939-8AD91C3A8384}.Debug|Any CPU.ActiveCfg = Debug|Any CPU
		{FAD28B73-7185-4D31-8939-8AD91C3A8384}.Debug|Any CPU.Build.0 = Debug|Any CPU
		{FAD28B73-7185-4D31-8939-8AD91C3A8384}.DVD-5|Any CPU.ActiveCfg = Debug|Any CPU
		{FAD28B73-7185-4D31-8939-8AD91C3A8384}.DVD-5|Any CPU.Build.0 = Debug|Any CPU
		{FAD28B73-7185-4D31-8939-8AD91C3A8384}.Release|Any CPU.ActiveCfg = Release|Any CPU
		{FAD28B73-7185-4D31-8939-8AD91C3A8384}.Release|Any CPU.Build.0 = Release|Any CPU
		{FAD28B73-7185-4D31-8939-8AD91C3A8384}.SingleImage|Any CPU.ActiveCfg = Debug|Any CPU
		{FAD28B73-7185-4D31-8939-8AD91C3A8384}.SingleImage|Any CPU.Build.0 = Debug|Any CPU
		{193BB801-054F-4729-9D5D-FCE1E32594BF}.ASP|Any CPU.ActiveCfg = Release|Any CPU
		{193BB801-054F-4729-9D5D-FCE1E32594BF}.ASP|Any CPU.Build.0 = Release|Any CPU
		{193BB801-054F-4729-9D5D-FCE1E32594BF}.CD_ROM|Any CPU.ActiveCfg = Debug|Any CPU
		{193BB801-054F-4729-9D5D-FCE1E32594BF}.CD_ROM|Any CPU.Build.0 = Debug|Any CPU
		{193BB801-054F-4729-9D5D-FCE1E32594BF}.Debug|Any CPU.ActiveCfg = Debug|Any CPU
		{193BB801-054F-4729-9D5D-FCE1E32594BF}.Debug|Any CPU.Build.0 = Debug|Any CPU
		{193BB801-054F-4729-9D5D-FCE1E32594BF}.DVD-5|Any CPU.ActiveCfg = Debug|Any CPU
		{193BB801-054F-4729-9D5D-FCE1E32594BF}.DVD-5|Any CPU.Build.0 = Debug|Any CPU
		{193BB801-054F-4729-9D5D-FCE1E32594BF}.Release|Any CPU.ActiveCfg = Release|Any CPU
		{193BB801-054F-4729-9D5D-FCE1E32594BF}.Release|Any CPU.Build.0 = Release|Any CPU
		{193BB801-054F-4729-9D5D-FCE1E32594BF}.SingleImage|Any CPU.ActiveCfg = Debug|Any CPU
		{193BB801-054F-4729-9D5D-FCE1E32594BF}.SingleImage|Any CPU.Build.0 = Debug|Any CPU
		{A9792D30-2043-4CF9-9578-991288B0FB9E}.ASP|Any CPU.ActiveCfg = Release|Any CPU
		{A9792D30-2043-4CF9-9578-991288B0FB9E}.ASP|Any CPU.Build.0 = Release|Any CPU
		{A9792D30-2043-4CF9-9578-991288B0FB9E}.CD_ROM|Any CPU.ActiveCfg = Debug|Any CPU
		{A9792D30-2043-4CF9-9578-991288B0FB9E}.CD_ROM|Any CPU.Build.0 = Debug|Any CPU
		{A9792D30-2043-4CF9-9578-991288B0FB9E}.Debug|Any CPU.ActiveCfg = Debug|Any CPU
		{A9792D30-2043-4CF9-9578-991288B0FB9E}.Debug|Any CPU.Build.0 = Debug|Any CPU
		{A9792D30-2043-4CF9-9578-991288B0FB9E}.DVD-5|Any CPU.ActiveCfg = Debug|Any CPU
		{A9792D30-2043-4CF9-9578-991288B0FB9E}.DVD-5|Any CPU.Build.0 = Debug|Any CPU
		{A9792D30-2043-4CF9-9578-991288B0FB9E}.Release|Any CPU.ActiveCfg = Release|Any CPU
		{A9792D30-2043-4CF9-9578-991288B0FB9E}.Release|Any CPU.Build.0 = Release|Any CPU
		{A9792D30-2043-4CF9-9578-991288B0FB9E}.SingleImage|Any CPU.ActiveCfg = Debug|Any CPU
		{A9792D30-2043-4CF9-9578-991288B0FB9E}.SingleImage|Any CPU.Build.0 = Debug|Any CPU
		{8BC3ACFB-0977-4971-A056-4FD2D368EEFD}.ASP|Any CPU.ActiveCfg = SingleImage
		{8BC3ACFB-0977-4971-A056-4FD2D368EEFD}.ASP|Any CPU.Build.0 = SingleImage
		{8BC3ACFB-0977-4971-A056-4FD2D368EEFD}.CD_ROM|Any CPU.ActiveCfg = CD_ROM
		{8BC3ACFB-0977-4971-A056-4FD2D368EEFD}.CD_ROM|Any CPU.Build.0 = CD_ROM
		{8BC3ACFB-0977-4971-A056-4FD2D368EEFD}.Debug|Any CPU.ActiveCfg = SingleImage
		{8BC3ACFB-0977-4971-A056-4FD2D368EEFD}.DVD-5|Any CPU.ActiveCfg = DVD-5
		{8BC3ACFB-0977-4971-A056-4FD2D368EEFD}.DVD-5|Any CPU.Build.0 = DVD-5
		{8BC3ACFB-0977-4971-A056-4FD2D368EEFD}.Release|Any CPU.ActiveCfg = SingleImage
		{8BC3ACFB-0977-4971-A056-4FD2D368EEFD}.Release|Any CPU.Build.0 = SingleImage
		{8BC3ACFB-0977-4971-A056-4FD2D368EEFD}.SingleImage|Any CPU.ActiveCfg = SingleImage
		{475F767E-2288-4E56-9B90-179A10DCAB49}.ASP|Any CPU.ActiveCfg = Release|Any CPU
		{475F767E-2288-4E56-9B90-179A10DCAB49}.ASP|Any CPU.Build.0 = Release|Any CPU
		{475F767E-2288-4E56-9B90-179A10DCAB49}.CD_ROM|Any CPU.ActiveCfg = Release|Any CPU
		{475F767E-2288-4E56-9B90-179A10DCAB49}.CD_ROM|Any CPU.Build.0 = Release|Any CPU
		{475F767E-2288-4E56-9B90-179A10DCAB49}.Debug|Any CPU.ActiveCfg = Debug|Any CPU
		{475F767E-2288-4E56-9B90-179A10DCAB49}.Debug|Any CPU.Build.0 = Debug|Any CPU
		{475F767E-2288-4E56-9B90-179A10DCAB49}.DVD-5|Any CPU.ActiveCfg = Debug|Any CPU
		{475F767E-2288-4E56-9B90-179A10DCAB49}.DVD-5|Any CPU.Build.0 = Debug|Any CPU
		{475F767E-2288-4E56-9B90-179A10DCAB49}.Release|Any CPU.ActiveCfg = Release|Any CPU
		{475F767E-2288-4E56-9B90-179A10DCAB49}.Release|Any CPU.Build.0 = Release|Any CPU
		{475F767E-2288-4E56-9B90-179A10DCAB49}.SingleImage|Any CPU.ActiveCfg = Release|Any CPU
		{475F767E-2288-4E56-9B90-179A10DCAB49}.SingleImage|Any CPU.Build.0 = Release|Any CPU
		{8D8A9A27-A8CA-4A27-95E5-C2246BDABC85}.ASP|Any CPU.ActiveCfg = Release|Any CPU
		{8D8A9A27-A8CA-4A27-95E5-C2246BDABC85}.ASP|Any CPU.Build.0 = Release|Any CPU
		{8D8A9A27-A8CA-4A27-95E5-C2246BDABC85}.CD_ROM|Any CPU.ActiveCfg = Release|Any CPU
		{8D8A9A27-A8CA-4A27-95E5-C2246BDABC85}.CD_ROM|Any CPU.Build.0 = Release|Any CPU
		{8D8A9A27-A8CA-4A27-95E5-C2246BDABC85}.Debug|Any CPU.ActiveCfg = Debug|Any CPU
		{8D8A9A27-A8CA-4A27-95E5-C2246BDABC85}.Debug|Any CPU.Build.0 = Debug|Any CPU
		{8D8A9A27-A8CA-4A27-95E5-C2246BDABC85}.DVD-5|Any CPU.ActiveCfg = Debug|Any CPU
		{8D8A9A27-A8CA-4A27-95E5-C2246BDABC85}.DVD-5|Any CPU.Build.0 = Debug|Any CPU
		{8D8A9A27-A8CA-4A27-95E5-C2246BDABC85}.Release|Any CPU.ActiveCfg = Release|Any CPU
		{8D8A9A27-A8CA-4A27-95E5-C2246BDABC85}.Release|Any CPU.Build.0 = Release|Any CPU
		{8D8A9A27-A8CA-4A27-95E5-C2246BDABC85}.SingleImage|Any CPU.ActiveCfg = Release|Any CPU
		{8D8A9A27-A8CA-4A27-95E5-C2246BDABC85}.SingleImage|Any CPU.Build.0 = Release|Any CPU
		{2F5F8C90-0BD1-424F-997C-7BC6280919D1}.ASP|Any CPU.ActiveCfg = Release|Any CPU
		{2F5F8C90-0BD1-424F-997C-7BC6280919D1}.ASP|Any CPU.Build.0 = Release|Any CPU
		{2F5F8C90-0BD1-424F-997C-7BC6280919D1}.CD_ROM|Any CPU.ActiveCfg = Release|Any CPU
		{2F5F8C90-0BD1-424F-997C-7BC6280919D1}.CD_ROM|Any CPU.Build.0 = Release|Any CPU
		{2F5F8C90-0BD1-424F-997C-7BC6280919D1}.Debug|Any CPU.ActiveCfg = Debug|Any CPU
		{2F5F8C90-0BD1-424F-997C-7BC6280919D1}.Debug|Any CPU.Build.0 = Debug|Any CPU
		{2F5F8C90-0BD1-424F-997C-7BC6280919D1}.DVD-5|Any CPU.ActiveCfg = Debug|Any CPU
		{2F5F8C90-0BD1-424F-997C-7BC6280919D1}.DVD-5|Any CPU.Build.0 = Debug|Any CPU
		{2F5F8C90-0BD1-424F-997C-7BC6280919D1}.Release|Any CPU.ActiveCfg = Release|Any CPU
		{2F5F8C90-0BD1-424F-997C-7BC6280919D1}.Release|Any CPU.Build.0 = Release|Any CPU
		{2F5F8C90-0BD1-424F-997C-7BC6280919D1}.SingleImage|Any CPU.ActiveCfg = Release|Any CPU
		{2F5F8C90-0BD1-424F-997C-7BC6280919D1}.SingleImage|Any CPU.Build.0 = Release|Any CPU
	EndGlobalSection
	GlobalSection(SolutionProperties) = preSolution
		HideSolutionNode = FALSE
	EndGlobalSection
EndGlobal
